// !$*UTF8*$!
{
	archiveVersion = 1;
	classes = {
	};
	objectVersion = 56;
	objects = {

/* Begin PBXBuildFile section */
		1B1FA2872A2FCBEB000FF0AD /* CryptoViewModel.swift in Sources */ = {isa = PBXBuildFile; fileRef = 1B1FA2862A2FCBEB000FF0AD /* CryptoViewModel.swift */; };
		1B7CCADC2A1D4E850006D1C9 /* AppDelegate.swift in Sources */ = {isa = PBXBuildFile; fileRef = 1B7CCADB2A1D4E850006D1C9 /* AppDelegate.swift */; };
		1B7CCADE2A1D4E850006D1C9 /* SceneDelegate.swift in Sources */ = {isa = PBXBuildFile; fileRef = 1B7CCADD2A1D4E850006D1C9 /* SceneDelegate.swift */; };
		1B7CCAE02A1D4E850006D1C9 /* ViewController.swift in Sources */ = {isa = PBXBuildFile; fileRef = 1B7CCADF2A1D4E850006D1C9 /* ViewController.swift */; };
		1B7CCAE32A1D4E850006D1C9 /* Main.storyboard in Resources */ = {isa = PBXBuildFile; fileRef = 1B7CCAE12A1D4E850006D1C9 /* Main.storyboard */; };
		1B7CCAE52A1D4E850006D1C9 /* Assets.xcassets in Resources */ = {isa = PBXBuildFile; fileRef = 1B7CCAE42A1D4E850006D1C9 /* Assets.xcassets */; };
		1B7CCAE82A1D4E850006D1C9 /* LaunchScreen.storyboard in Resources */ = {isa = PBXBuildFile; fileRef = 1B7CCAE62A1D4E850006D1C9 /* LaunchScreen.storyboard */; };
		1B7CCAF62A1D59F40006D1C9 /* CryptoCurrencyModel.swift in Sources */ = {isa = PBXBuildFile; fileRef = 1B7CCAF52A1D59F40006D1C9 /* CryptoCurrencyModel.swift */; };
		1B7CCAF82A1D5A4B0006D1C9 /* CryptoCurrencyService.swift in Sources */ = {isa = PBXBuildFile; fileRef = 1B7CCAF72A1D5A4B0006D1C9 /* CryptoCurrencyService.swift */; };
		1B8676432A3F8B4200B05383 /* CoinCell.swift in Sources */ = {isa = PBXBuildFile; fileRef = 1B8676412A3F8B4200B05383 /* CoinCell.swift */; };
		1B8676442A3F8B4200B05383 /* CoinCell.xib in Resources */ = {isa = PBXBuildFile; fileRef = 1B8676422A3F8B4200B05383 /* CoinCell.xib */; };
/* End PBXBuildFile section */

/* Begin PBXFileReference section */
		1B1FA2862A2FCBEB000FF0AD /* CryptoViewModel.swift */ = {isa = PBXFileReference; lastKnownFileType = sourcecode.swift; path = CryptoViewModel.swift; sourceTree = "<group>"; };
		1B7CCAD82A1D4E850006D1C9 /* CryptoCrazy.app */ = {isa = PBXFileReference; explicitFileType = wrapper.application; includeInIndex = 0; path = CryptoCrazy.app; sourceTree = BUILT_PRODUCTS_DIR; };
		1B7CCADB2A1D4E850006D1C9 /* AppDelegate.swift */ = {isa = PBXFileReference; lastKnownFileType = sourcecode.swift; path = AppDelegate.swift; sourceTree = "<group>"; };
		1B7CCADD2A1D4E850006D1C9 /* SceneDelegate.swift */ = {isa = PBXFileReference; lastKnownFileType = sourcecode.swift; path = SceneDelegate.swift; sourceTree = "<group>"; };
		1B7CCADF2A1D4E850006D1C9 /* ViewController.swift */ = {isa = PBXFileReference; lastKnownFileType = sourcecode.swift; path = ViewController.swift; sourceTree = "<group>"; };
		1B7CCAE22A1D4E850006D1C9 /* Base */ = {isa = PBXFileReference; lastKnownFileType = file.storyboard; name = Base; path = Base.lproj/Main.storyboard; sourceTree = "<group>"; };
		1B7CCAE42A1D4E850006D1C9 /* Assets.xcassets */ = {isa = PBXFileReference; lastKnownFileType = folder.assetcatalog; path = Assets.xcassets; sourceTree = "<group>"; };
		1B7CCAE72A1D4E850006D1C9 /* Base */ = {isa = PBXFileReference; lastKnownFileType = file.storyboard; name = Base; path = Base.lproj/LaunchScreen.storyboard; sourceTree = "<group>"; };
		1B7CCAE92A1D4E850006D1C9 /* Info.plist */ = {isa = PBXFileReference; lastKnownFileType = text.plist.xml; path = Info.plist; sourceTree = "<group>"; };
		1B7CCAF52A1D59F40006D1C9 /* CryptoCurrencyModel.swift */ = {isa = PBXFileReference; lastKnownFileType = sourcecode.swift; path = CryptoCurrencyModel.swift; sourceTree = "<group>"; };
		1B7CCAF72A1D5A4B0006D1C9 /* CryptoCurrencyService.swift */ = {isa = PBXFileReference; lastKnownFileType = sourcecode.swift; path = CryptoCurrencyService.swift; sourceTree = "<group>"; };
		1B8676412A3F8B4200B05383 /* CoinCell.swift */ = {isa = PBXFileReference; lastKnownFileType = sourcecode.swift; path = CoinCell.swift; sourceTree = "<group>"; };
		1B8676422A3F8B4200B05383 /* CoinCell.xib */ = {isa = PBXFileReference; lastKnownFileType = file.xib; path = CoinCell.xib; sourceTree = "<group>"; };
/* End PBXFileReference section */

/* Begin PBXFrameworksBuildPhase section */
		1B7CCAD52A1D4E850006D1C9 /* Frameworks */ = {
			isa = PBXFrameworksBuildPhase;
			buildActionMask = 2147483647;
			files = (
			);
			runOnlyForDeploymentPostprocessing = 0;
		};
/* End PBXFrameworksBuildPhase section */

/* Begin PBXGroup section */
		1B7CCACF2A1D4E850006D1C9 = {
			isa = PBXGroup;
			children = (
				1B7CCADA2A1D4E850006D1C9 /* CryptoCrazy */,
				1B7CCAD92A1D4E850006D1C9 /* Products */,
			);
			sourceTree = "<group>";
		};
		1B7CCAD92A1D4E850006D1C9 /* Products */ = {
			isa = PBXGroup;
			children = (
				1B7CCAD82A1D4E850006D1C9 /* CryptoCrazy.app */,
			);
			name = Products;
			sourceTree = "<group>";
		};
		1B7CCADA2A1D4E850006D1C9 /* CryptoCrazy */ = {
			isa = PBXGroup;
			children = (
				1B8676402A3F8AB300B05383 /* Cells */,
				1B7CCAF42A1D57DF0006D1C9 /* ViewModel */,
				1B7CCAF32A1D57D60006D1C9 /* Model */,
				1B7CCAF22A1D57CC0006D1C9 /* Service */,
				1B7CCAF12A1D57B20006D1C9 /* View */,
				1B7CCAE12A1D4E850006D1C9 /* Main.storyboard */,
				1B7CCAE42A1D4E850006D1C9 /* Assets.xcassets */,
				1B7CCAE62A1D4E850006D1C9 /* LaunchScreen.storyboard */,
				1B7CCAE92A1D4E850006D1C9 /* Info.plist */,
			);
			path = CryptoCrazy;
			sourceTree = "<group>";
		};
		1B7CCAF12A1D57B20006D1C9 /* View */ = {
			isa = PBXGroup;
			children = (
				1B7CCADB2A1D4E850006D1C9 /* AppDelegate.swift */,
				1B7CCADD2A1D4E850006D1C9 /* SceneDelegate.swift */,
				1B7CCADF2A1D4E850006D1C9 /* ViewController.swift */,
			);
			path = View;
			sourceTree = "<group>";
		};
		1B7CCAF22A1D57CC0006D1C9 /* Service */ = {
			isa = PBXGroup;
			children = (
				1B7CCAF72A1D5A4B0006D1C9 /* CryptoCurrencyService.swift */,
			);
			path = Service;
			sourceTree = "<group>";
		};
		1B7CCAF32A1D57D60006D1C9 /* Model */ = {
			isa = PBXGroup;
			children = (
				1B7CCAF52A1D59F40006D1C9 /* CryptoCurrencyModel.swift */,
			);
			path = Model;
			sourceTree = "<group>";
		};
		1B7CCAF42A1D57DF0006D1C9 /* ViewModel */ = {
			isa = PBXGroup;
			children = (
				1B1FA2862A2FCBEB000FF0AD /* CryptoViewModel.swift */,
			);
			path = ViewModel;
			sourceTree = "<group>";
		};
		1B8676402A3F8AB300B05383 /* Cells */ = {
			isa = PBXGroup;
			children = (
				1B8676412A3F8B4200B05383 /* CoinCell.swift */,
				1B8676422A3F8B4200B05383 /* CoinCell.xib */,
			);
			path = Cells;
			sourceTree = "<group>";
		};
/* End PBXGroup section */

/* Begin PBXNativeTarget section */
		1B7CCAD72A1D4E850006D1C9 /* CryptoCrazy */ = {
			isa = PBXNativeTarget;
			buildConfigurationList = 1B7CCAEC2A1D4E850006D1C9 /* Build configuration list for PBXNativeTarget "CryptoCrazy" */;
			buildPhases = (
				1B7CCAD42A1D4E850006D1C9 /* Sources */,
				1B7CCAD52A1D4E850006D1C9 /* Frameworks */,
				1B7CCAD62A1D4E850006D1C9 /* Resources */,
			);
			buildRules = (
			);
			dependencies = (
			);
			name = CryptoCrazy;
			productName = CryptoCrazy;
			productReference = 1B7CCAD82A1D4E850006D1C9 /* CryptoCrazy.app */;
			productType = "com.apple.product-type.application";
		};
/* End PBXNativeTarget section */

/* Begin PBXProject section */
		1B7CCAD02A1D4E850006D1C9 /* Project object */ = {
			isa = PBXProject;
			attributes = {
				BuildIndependentTargetsInParallel = 1;
				LastSwiftUpdateCheck = 1420;
				LastUpgradeCheck = 1420;
				TargetAttributes = {
					1B7CCAD72A1D4E850006D1C9 = {
						CreatedOnToolsVersion = 14.2;
					};
				};
			};
			buildConfigurationList = 1B7CCAD32A1D4E850006D1C9 /* Build configuration list for PBXProject "CryptoCrazy" */;
			compatibilityVersion = "Xcode 14.0";
			developmentRegion = en;
			hasScannedForEncodings = 0;
			knownRegions = (
				en,
				Base,
			);
			mainGroup = 1B7CCACF2A1D4E850006D1C9;
			productRefGroup = 1B7CCAD92A1D4E850006D1C9 /* Products */;
			projectDirPath = "";
			projectRoot = "";
			targets = (
				1B7CCAD72A1D4E850006D1C9 /* CryptoCrazy */,
			);
		};
/* End PBXProject section */

/* Begin PBXResourcesBuildPhase section */
		1B7CCAD62A1D4E850006D1C9 /* Resources */ = {
			isa = PBXResourcesBuildPhase;
			buildActionMask = 2147483647;
			files = (
				1B7CCAE82A1D4E850006D1C9 /* LaunchScreen.storyboard in Resources */,
				1B7CCAE52A1D4E850006D1C9 /* Assets.xcassets in Resources */,
				1B8676442A3F8B4200B05383 /* CoinCell.xib in Resources */,
				1B7CCAE32A1D4E850006D1C9 /* Main.storyboard in Resources */,
			);
			runOnlyForDeploymentPostprocessing = 0;
		};
/* End PBXResourcesBuildPhase section */

/* Begin PBXSourcesBuildPhase section */
		1B7CCAD42A1D4E850006D1C9 /* Sources */ = {
			isa = PBXSourcesBuildPhase;
			buildActionMask = 2147483647;
			files = (
				1B7CCAF82A1D5A4B0006D1C9 /* CryptoCurrencyService.swift in Sources */,
				1B8676432A3F8B4200B05383 /* CoinCell.swift in Sources */,
				1B7CCAE02A1D4E850006D1C9 /* ViewController.swift in Sources */,
				1B1FA2872A2FCBEB000FF0AD /* CryptoViewModel.swift in Sources */,
				1B7CCAF62A1D59F40006D1C9 /* CryptoCurrencyModel.swift in Sources */,
				1B7CCADC2A1D4E850006D1C9 /* AppDelegate.swift in Sources */,
				1B7CCADE2A1D4E850006D1C9 /* SceneDelegate.swift in Sources */,
			);
			runOnlyForDeploymentPostprocessing = 0;
		};
/* End PBXSourcesBuildPhase section */

/* Begin PBXVariantGroup section */
		1B7CCAE12A1D4E850006D1C9 /* Main.storyboard */ = {
			isa = PBXVariantGroup;
			children = (
				1B7CCAE22A1D4E850006D1C9 /* Base */,
			);
			name = Main.storyboard;
			sourceTree = "<group>";
		};
		1B7CCAE62A1D4E850006D1C9 /* LaunchScreen.storyboard */ = {
			isa = PBXVariantGroup;
			children = (
				1B7CCAE72A1D4E850006D1C9 /* Base */,
			);
			name = LaunchScreen.storyboard;
			sourceTree = "<group>";
		};
/* End PBXVariantGroup section */

/* Begin XCBuildConfiguration section */
		1B7CCAEA2A1D4E850006D1C9 /* Debug */ = {
			isa = XCBuildConfiguration;
			buildSettings = {
				ALWAYS_SEARCH_USER_PATHS = NO;
				CLANG_ANALYZER_NONNULL = YES;
				CLANG_ANALYZER_NUMBER_OBJECT_CONVERSION = YES_AGGRESSIVE;
				CLANG_CXX_LANGUAGE_STANDARD = "gnu++20";
				CLANG_ENABLE_MODULES = YES;
				CLANG_ENABLE_OBJC_ARC = YES;
				CLANG_ENABLE_OBJC_WEAK = YES;
				CLANG_WARN_BLOCK_CAPTURE_AUTORELEASING = YES;
				CLANG_WARN_BOOL_CONVERSION = YES;
				CLANG_WARN_COMMA = YES;
				CLANG_WARN_CONSTANT_CONVERSION = YES;
				CLANG_WARN_DEPRECATED_OBJC_IMPLEMENTATIONS = YES;
				CLANG_WARN_DIRECT_OBJC_ISA_USAGE = YES_ERROR;
				CLANG_WARN_DOCUMENTATION_COMMENTS = YES;
				CLANG_WARN_EMPTY_BODY = YES;
				CLANG_WARN_ENUM_CONVERSION = YES;
				CLANG_WARN_INFINITE_RECURSION = YES;
				CLANG_WARN_INT_CONVERSION = YES;
				CLANG_WARN_NON_LITERAL_NULL_CONVERSION = YES;
				CLANG_WARN_OBJC_IMPLICIT_RETAIN_SELF = YES;
				CLANG_WARN_OBJC_LITERAL_CONVERSION = YES;
				CLANG_WARN_OBJC_ROOT_CLASS = YES_ERROR;
				CLANG_WARN_QUOTED_INCLUDE_IN_FRAMEWORK_HEADER = YES;
				CLANG_WARN_RANGE_LOOP_ANALYSIS = YES;
				CLANG_WARN_STRICT_PROTOTYPES = YES;
				CLANG_WARN_SUSPICIOUS_MOVE = YES;
				CLANG_WARN_UNGUARDED_AVAILABILITY = YES_AGGRESSIVE;
				CLANG_WARN_UNREACHABLE_CODE = YES;
				CLANG_WARN__DUPLICATE_METHOD_MATCH = YES;
				COPY_PHASE_STRIP = NO;
				DEBUG_INFORMATION_FORMAT = dwarf;
				ENABLE_STRICT_OBJC_MSGSEND = YES;
				ENABLE_TESTABILITY = YES;
				GCC_C_LANGUAGE_STANDARD = gnu11;
				GCC_DYNAMIC_NO_PIC = NO;
				GCC_NO_COMMON_BLOCKS = YES;
				GCC_OPTIMIZATION_LEVEL = 0;
				GCC_PREPROCESSOR_DEFINITIONS = (
					"DEBUG=1",
					"$(inherited)",
				);
				GCC_WARN_64_TO_32_BIT_CONVERSION = YES;
				GCC_WARN_ABOUT_RETURN_TYPE = YES_ERROR;
				GCC_WARN_UNDECLARED_SELECTOR = YES;
				GCC_WARN_UNINITIALIZED_AUTOS = YES_AGGRESSIVE;
				GCC_WARN_UNUSED_FUNCTION = YES;
				GCC_WARN_UNUSED_VARIABLE = YES;
				IPHONEOS_DEPLOYMENT_TARGET = 16.2;
				MTL_ENABLE_DEBUG_INFO = INCLUDE_SOURCE;
				MTL_FAST_MATH = YES;
				ONLY_ACTIVE_ARCH = YES;
				SDKROOT = iphoneos;
				SWIFT_ACTIVE_COMPILATION_CONDITIONS = DEBUG;
				SWIFT_OPTIMIZATION_LEVEL = "-Onone";
			};
			name = Debug;
		};
		1B7CCAEB2A1D4E850006D1C9 /* Release */ = {
			isa = XCBuildConfiguration;
			buildSettings = {
				ALWAYS_SEARCH_USER_PATHS = NO;
				CLANG_ANALYZER_NONNULL = YES;
				CLANG_ANALYZER_NUMBER_OBJECT_CONVERSION = YES_AGGRESSIVE;
				CLANG_CXX_LANGUAGE_STANDARD = "gnu++20";
				CLANG_ENABLE_MODULES = YES;
				CLANG_ENABLE_OBJC_ARC = YES;
				CLANG_ENABLE_OBJC_WEAK = YES;
				CLANG_WARN_BLOCK_CAPTURE_AUTORELEASING = YES;
				CLANG_WARN_BOOL_CONVERSION = YES;
				CLANG_WARN_COMMA = YES;
				CLANG_WARN_CONSTANT_CONVERSION = YES;
				CLANG_WARN_DEPRECATED_OBJC_IMPLEMENTATIONS = YES;
				CLANG_WARN_DIRECT_OBJC_ISA_USAGE = YES_ERROR;
				CLANG_WARN_DOCUMENTATION_COMMENTS = YES;
				CLANG_WARN_EMPTY_BODY = YES;
				CLANG_WARN_ENUM_CONVERSION = YES;
				CLANG_WARN_INFINITE_RECURSION = YES;
				CLANG_WARN_INT_CONVERSION = YES;
				CLANG_WARN_NON_LITERAL_NULL_CONVERSION = YES;
				CLANG_WARN_OBJC_IMPLICIT_RETAIN_SELF = YES;
				CLANG_WARN_OBJC_LITERAL_CONVERSION = YES;
				CLANG_WARN_OBJC_ROOT_CLASS = YES_ERROR;
				CLANG_WARN_QUOTED_INCLUDE_IN_FRAMEWORK_HEADER = YES;
				CLANG_WARN_RANGE_LOOP_ANALYSIS = YES;
				CLANG_WARN_STRICT_PROTOTYPES = YES;
				CLANG_WARN_SUSPICIOUS_MOVE = YES;
				CLANG_WARN_UNGUARDED_AVAILABILITY = YES_AGGRESSIVE;
				CLANG_WARN_UNREACHABLE_CODE = YES;
				CLANG_WARN__DUPLICATE_METHOD_MATCH = YES;
				COPY_PHASE_STRIP = NO;
				DEBUG_INFORMATION_FORMAT = "dwarf-with-dsym";
				ENABLE_NS_ASSERTIONS = NO;
				ENABLE_STRICT_OBJC_MSGSEND = YES;
				GCC_C_LANGUAGE_STANDARD = gnu11;
				GCC_NO_COMMON_BLOCKS = YES;
				GCC_WARN_64_TO_32_BIT_CONVERSION = YES;
				GCC_WARN_ABOUT_RETURN_TYPE = YES_ERROR;
				GCC_WARN_UNDECLARED_SELECTOR = YES;
				GCC_WARN_UNINITIALIZED_AUTOS = YES_AGGRESSIVE;
				GCC_WARN_UNUSED_FUNCTION = YES;
				GCC_WARN_UNUSED_VARIABLE = YES;
				IPHONEOS_DEPLOYMENT_TARGET = 16.2;
				MTL_ENABLE_DEBUG_INFO = NO;
				MTL_FAST_MATH = YES;
				SDKROOT = iphoneos;
				SWIFT_COMPILATION_MODE = wholemodule;
				SWIFT_OPTIMIZATION_LEVEL = "-O";
				VALIDATE_PRODUCT = YES;
			};
			name = Release;
		};
		1B7CCAED2A1D4E850006D1C9 /* Debug */ = {
			isa = XCBuildConfiguration;
			buildSettings = {
				ASSETCATALOG_COMPILER_APPICON_NAME = AppIcon;
				ASSETCATALOG_COMPILER_GLOBAL_ACCENT_COLOR_NAME = AccentColor;
				CODE_SIGN_STYLE = Automatic;
				CURRENT_PROJECT_VERSION = 1;
				DEVELOPMENT_TEAM = 5SYF5P9GDM;
				GENERATE_INFOPLIST_FILE = YES;
				INFOPLIST_FILE = CryptoCrazy/Info.plist;
				INFOPLIST_KEY_UIApplicationSupportsIndirectInputEvents = YES;
				INFOPLIST_KEY_UILaunchStoryboardName = LaunchScreen;
				INFOPLIST_KEY_UIMainStoryboardFile = Main;
				INFOPLIST_KEY_UISupportedInterfaceOrientations_iPad = "UIInterfaceOrientationPortrait UIInterfaceOrientationPortraitUpsideDown UIInterfaceOrientationLandscapeLeft UIInterfaceOrientationLandscapeRight";
				INFOPLIST_KEY_UISupportedInterfaceOrientations_iPhone = "UIInterfaceOrientationPortrait UIInterfaceOrientationLandscapeLeft UIInterfaceOrientationLandscapeRight";
				LD_RUNPATH_SEARCH_PATHS = (
					"$(inherited)",
					"@executable_path/Frameworks",
				);
				MARKETING_VERSION = 1.0;
				PRODUCT_BUNDLE_IDENTIFIER = com.erberkyaman.CryptoCrazy;
				PRODUCT_NAME = "$(TARGET_NAME)";
				SWIFT_EMIT_LOC_STRINGS = YES;
				SWIFT_VERSION = 5.0;
				TARGETED_DEVICE_FAMILY = "1,2";
			};
			name = Debug;
		};
		1B7CCAEE2A1D4E850006D1C9 /* Release */ = {
			isa = XCBuildConfiguration;
			buildSettings = {
				ASSETCATALOG_COMPILER_APPICON_NAME = AppIcon;
				ASSETCATALOG_COMPILER_GLOBAL_ACCENT_COLOR_NAME = AccentColor;
				CODE_SIGN_STYLE = Automatic;
				CURRENT_PROJECT_VERSION = 1;
				DEVELOPMENT_TEAM = 5SYF5P9GDM;
				GENERATE_INFOPLIST_FILE = YES;
				INFOPLIST_FILE = CryptoCrazy/Info.plist;
				INFOPLIST_KEY_UIApplicationSupportsIndirectInputEvents = YES;
				INFOPLIST_KEY_UILaunchStoryboardName = LaunchScreen;
				INFOPLIST_KEY_UIMainStoryboardFile = Main;
				INFOPLIST_KEY_UISupportedInterfaceOrientations_iPad = "UIInterfaceOrientationPortrait UIInterfaceOrientationPortraitUpsideDown UIInterfaceOrientationLandscapeLeft UIInterfaceOrientationLandscapeRight";
				INFOPLIST_KEY_UISupportedInterfaceOrientations_iPhone = "UIInterfaceOrientationPortrait UIInterfaceOrientationLandscapeLeft UIInterfaceOrientationLandscapeRight";
				LD_RUNPATH_SEARCH_PATHS = (
					"$(inherited)",
					"@executable_path/Frameworks",
				);
				MARKETING_VERSION = 1.0;
				PRODUCT_BUNDLE_IDENTIFIER = com.erberkyaman.CryptoCrazy;
				PRODUCT_NAME = "$(TARGET_NAME)";
				SWIFT_EMIT_LOC_STRINGS = YES;
				SWIFT_VERSION = 5.0;
				TARGETED_DEVICE_FAMILY = "1,2";
			};
			name = Release;
		};
/* End XCBuildConfiguration section */

/* Begin XCConfigurationList section */
		1B7CCAD32A1D4E850006D1C9 /* Build configuration list for PBXProject "CryptoCrazy" */ = {
			isa = XCConfigurationList;
			buildConfigurations = (
				1B7CCAEA2A1D4E850006D1C9 /* Debug */,
				1B7CCAEB2A1D4E850006D1C9 /* Release */,
			);
			defaultConfigurationIsVisible = 0;
			defaultConfigurationName = Release;
		};
		1B7CCAEC2A1D4E850006D1C9 /* Build configuration list for PBXNativeTarget "CryptoCrazy" */ = {
			isa = XCConfigurationList;
			buildConfigurations = (
				1B7CCAED2A1D4E850006D1C9 /* Debug */,
				1B7CCAEE2A1D4E850006D1C9 /* Release */,
			);
			defaultConfigurationIsVisible = 0;
			defaultConfigurationName = Release;
		};
/* End XCConfigurationList section */
	};
	rootObject = 1B7CCAD02A1D4E850006D1C9 /* Project object */;
}
